
Microsoft Visual Studio Solution File, Format Version 11.00
# Visual Studio Version 17

Project("{8BC9CEB8-8B4A-11D0-8D11-00A0C91BC942}") = "LowpassHighpassFilterPlugin - Standalone Plugin", "LowpassHighpassFilterPlugin_StandalonePlugin.vcxproj", "{49A469B0-7C7E-42DA-2BFD-D5AB6E41BE2F}"
	ProjectSection(ProjectDependencies) = postProject
		{B62DA196-085C-0F50-0C98-6E9A3287B73E} = {B62DA196-085C-0F50-0C98-6E9A3287B73E}
	EndProjectSection
EndProject
Project("{8BC9CEB8-8B4A-11D0-8D11-00A0C91BC942}") = "LowpassHighpassFilterPlugin - VST3", "LowpassHighpassFilterPlugin_VST3.vcxproj", "{EA941837-7BFE-ECBC-5761-5136576BD03E}"
	ProjectSection(ProjectDependencies) = postProject
		{B62DA196-085C-0F50-0C98-6E9A3287B73E} = {B62DA196-085C-0F50-0C98-6E9A3287B73E}
		{A1EBE466-F9CA-471E-1FC7-DB73FA1D34B4} = {A1EBE466-F9CA-471E-1FC7-DB73FA1D34B4}
	EndProjectSection
EndProject
Project("{8BC9CEB8-8B4A-11D0-8D11-00A0C91BC942}") = "LowpassHighpassFilterPlugin - Shared Code", "LowpassHighpassFilterPlugin_SharedCode.vcxproj", "{B62DA196-085C-0F50-0C98-6E9A3287B73E}"
EndProject
Project("{8BC9CEB8-8B4A-11D0-8D11-00A0C91BC942}") = "LowpassHighpassFilterPlugin - VST3 Manifest Helper", "LowpassHighpassFilterPlugin_VST3ManifestHelper.vcxproj", "{A1EBE466-F9CA-471E-1FC7-DB73FA1D34B4}"
EndProject
Global
	GlobalSection(SolutionConfigurationPlatforms) = preSolution
		Debug|x64 = Debug|x64
		Release|x64 = Release|x64
	EndGlobalSection
	GlobalSection(ProjectConfigurationPlatforms) = postSolution
		{EA941837-7BFE-ECBC-5761-5136576BD03E}.Debug|x64.ActiveCfg = Debug|x64
		{EA941837-7BFE-ECBC-5761-5136576BD03E}.Debug|x64.Build.0 = Debug|x64
		{EA941837-7BFE-ECBC-5761-5136576BD03E}.Release|x64.ActiveCfg = Release|x64
		{EA941837-7BFE-ECBC-5761-5136576BD03E}.Release|x64.Build.0 = Release|x64
		{49A469B0-7C7E-42DA-2BFD-D5AB6E41BE2F}.Debug|x64.ActiveCfg = Debug|x64
		{49A469B0-7C7E-42DA-2BFD-D5AB6E41BE2F}.Debug|x64.Build.0 = Debug|x64
		{49A469B0-7C7E-42DA-2BFD-D5AB6E41BE2F}.Release|x64.ActiveCfg = Release|x64
		{49A469B0-7C7E-42DA-2BFD-D5AB6E41BE2F}.Release|x64.Build.0 = Release|x64
		{B62DA196-085C-0F50-0C98-6E9A3287B73E}.Debug|x64.ActiveCfg = Debug|x64
		{B62DA196-085C-0F50-0C98-6E9A3287B73E}.Debug|x64.Build.0 = Debug|x64
		{B62DA196-085C-0F50-0C98-6E9A3287B73E}.Release|x64.ActiveCfg = Release|x64
		{B62DA196-085C-0F50-0C98-6E9A3287B73E}.Release|x64.Build.0 = Release|x64
		{A1EBE466-F9CA-471E-1FC7-DB73FA1D34B4}.Debug|x64.ActiveCfg = Debug|x64
		{A1EBE466-F9CA-471E-1FC7-DB73FA1D34B4}.Debug|x64.Build.0 = Debug|x64
		{A1EBE466-F9CA-471E-1FC7-DB73FA1D34B4}.Release|x64.ActiveCfg = Release|x64
		{A1EBE466-F9CA-471E-1FC7-DB73FA1D34B4}.Release|x64.Build.0 = Release|x64
	EndGlobalSection
	GlobalSection(SolutionProperties) = preSolution
		HideSolutionNode = FALSE
	EndGlobalSection
EndGlobal
